
Microsoft Visual Studio Solution File, Format Version 12.00
# Visual Studio Version 17
VisualStudioVersion = 17.10.35122.118
MinimumVisualStudioVersion = 10.0.40219.1
Project("{9A19103F-16F7-4668-BE54-9A1E7A4F7556}") = "BulkyWeb", "BulkyWeb\BulkyWeb.csproj", "{4BC149FD-9986-428A-BECC-51DDAD4F4764}"
EndProject
Project("{FAE04EC0-301F-11D3-BF4B-00C04F79EFBC}") = "Bulky.DataAccess", "Bulky.DataAccess\Bulky.DataAccess.csproj", "{9B577B44-BCD2-4C3B-90A6-A8FA849D0384}"
EndProject
Project("{FAE04EC0-301F-11D3-BF4B-00C04F79EFBC}") = "Bulky.Models", "Bulky.Models\Bulky.Models.csproj", "{1D41A1C6-EDEC-431A-89FC-2FFAEACB6D8D}"
EndProject
Project("{FAE04EC0-301F-11D3-BF4B-00C04F79EFBC}") = "Bulky.Utility", "Bulky.Utility\Bulky.Utility.csproj", "{D083D62D-3123-4452-9216-66754B614AE7}"
EndProject
Global
	GlobalSection(SolutionConfigurationPlatforms) = preSolution
		Debug|Any CPU = Debug|Any CPU
		Release|Any CPU = Release|Any CPU
	EndGlobalSection
	GlobalSection(ProjectConfigurationPlatforms) = postSolution
		{4BC149FD-9986-428A-BECC-51DDAD4F4764}.Debug|Any CPU.ActiveCfg = Debug|Any CPU
		{4BC149FD-9986-428A-BECC-51DDAD4F4764}.Debug|Any CPU.Build.0 = Debug|Any CPU
		{4BC149FD-9986-428A-BECC-51DDAD4F4764}.Release|Any CPU.ActiveCfg = Release|Any CPU
		{4BC149FD-9986-428A-BECC-51DDAD4F4764}.Release|Any CPU.Build.0 = Release|Any CPU
		{9B577B44-BCD2-4C3B-90A6-A8FA849D0384}.Debug|Any CPU.ActiveCfg = Debug|Any CPU
		{9B577B44-BCD2-4C3B-90A6-A8FA849D0384}.Debug|Any CPU.Build.0 = Debug|Any CPU
		{9B577B44-BCD2-4C3B-90A6-A8FA849D0384}.Release|Any CPU.ActiveCfg = Release|Any CPU
		{9B577B44-BCD2-4C3B-90A6-A8FA849D0384}.Release|Any CPU.Build.0 = Release|Any CPU
		{1D41A1C6-EDEC-431A-89FC-2FFAEACB6D8D}.Debug|Any CPU.ActiveCfg = Debug|Any CPU
		{1D41A1C6-EDEC-431A-89FC-2FFAEACB6D8D}.Debug|Any CPU.Build.0 = Debug|Any CPU
		{1D41A1C6-EDEC-431A-89FC-2FFAEACB6D8D}.Release|Any CPU.ActiveCfg = Release|Any CPU
		{1D41A1C6-EDEC-431A-89FC-2FFAEACB6D8D}.Release|Any CPU.Build.0 = Release|Any CPU
		{D083D62D-3123-4452-9216-66754B614AE7}.Debug|Any CPU.ActiveCfg = Debug|Any CPU
		{D083D62D-3123-4452-9216-66754B614AE7}.Debug|Any CPU.Build.0 = Debug|Any CPU
		{D083D62D-3123-4452-9216-66754B614AE7}.Release|Any CPU.ActiveCfg = Release|Any CPU
		{D083D62D-3123-4452-9216-66754B614AE7}.Release|Any CPU.Build.0 = Release|Any CPU
	EndGlobalSection
	GlobalSection(SolutionProperties) = preSolution
		HideSolutionNode = FALSE
	EndGlobalSection
	GlobalSection(ExtensibilityGlobals) = postSolution
		SolutionGuid = {02F903C7-0264-4177-8480-A68809B27729}
	EndGlobalSection
EndGlobal
