
Microsoft Visual Studio Solution File, Format Version 12.00
# Visual Studio Version 17
VisualStudioVersion = 17.10.35122.118
MinimumVisualStudioVersion = 10.0.40219.1
Project("{FAE04EC0-301F-11D3-BF4B-00C04F79EFBC}") = "BulkyWeb", "BulkyWeb\BulkyWeb.csproj", "{4BC149FD-9986-428A-BECC-51DDAD4F4764}"
EndProject
Global
	GlobalSection(SolutionConfigurationPlatforms) = preSolution
		Debug|Any CPU = Debug|Any CPU
		Release|Any CPU = Release|Any CPU
	EndGlobalSection
	GlobalSection(ProjectConfigurationPlatforms) = postSolution
		{4BC149FD-9986-428A-BECC-51DDAD4F4764}.Debug|Any CPU.ActiveCfg = Debug|Any CPU
		{4BC149FD-9986-428A-BECC-51DDAD4F4764}.Debug|Any CPU.Build.0 = Debug|Any CPU
		{4BC149FD-9986-428A-BECC-51DDAD4F4764}.Release|Any CPU.ActiveCfg = Release|Any CPU
		{4BC149FD-9986-428A-BECC-51DDAD4F4764}.Release|Any CPU.Build.0 = Release|Any CPU
	EndGlobalSection
	GlobalSection(SolutionProperties) = preSolution
		HideSolutionNode = FALSE
	EndGlobalSection
	GlobalSection(ExtensibilityGlobals) = postSolution
		SolutionGuid = {02F903C7-0264-4177-8480-A68809B27729}
	EndGlobalSection
EndGlobal
